
Microsoft Visual Studio Solution File, Format Version 12.00
# Visual Studio Version 16
VisualStudioVersion = 16.0.30907.101
MinimumVisualStudioVersion = 10.0.40219.1
Project("{FAE04EC0-301F-11D3-BF4B-00C04F79EFBC}") = "PP1.CONTRATO.WEB", "PP1.CONTRATO.WEB\PP1.CONTRATO.WEB.csproj", "{75B486A6-37BE-414B-A11F-812B9DD106B1}"
EndProject
Project("{FAE04EC0-301F-11D3-BF4B-00C04F79EFBC}") = "PP1.CONTRATO.DAO", "PP1.CONTRATO.DAO\PP1.CONTRATO.DAO.csproj", "{47581D63-D102-492C-8674-373872AD288E}"
EndProject
Project("{FAE04EC0-301F-11D3-BF4B-00C04F79EFBC}") = "PP1.CONTRATO.Entity", "PP1.CONTRATO.Entity\PP1.CONTRATO.Entity.csproj", "{6E0D8968-6ED2-4E45-8B50-4A60491265C3}"
EndProject
Project("{FAE04EC0-301F-11D3-BF4B-00C04F79EFBC}") = "PP1.CONTRATO.BLL", "PP1.CONTRATO.BLL\PP1.CONTRATO.BLL.csproj", "{AF97B410-9B70-4C77-A544-A36DB43CEBEC}"
EndProject
Global
	GlobalSection(SolutionConfigurationPlatforms) = preSolution
		Debug|Any CPU = Debug|Any CPU
		Release|Any CPU = Release|Any CPU
	EndGlobalSection
	GlobalSection(ProjectConfigurationPlatforms) = postSolution
		{75B486A6-37BE-414B-A11F-812B9DD106B1}.Debug|Any CPU.ActiveCfg = Debug|Any CPU
		{75B486A6-37BE-414B-A11F-812B9DD106B1}.Debug|Any CPU.Build.0 = Debug|Any CPU
		{75B486A6-37BE-414B-A11F-812B9DD106B1}.Release|Any CPU.ActiveCfg = Release|Any CPU
		{75B486A6-37BE-414B-A11F-812B9DD106B1}.Release|Any CPU.Build.0 = Release|Any CPU
		{47581D63-D102-492C-8674-373872AD288E}.Debug|Any CPU.ActiveCfg = Debug|Any CPU
		{47581D63-D102-492C-8674-373872AD288E}.Debug|Any CPU.Build.0 = Debug|Any CPU
		{47581D63-D102-492C-8674-373872AD288E}.Release|Any CPU.ActiveCfg = Release|Any CPU
		{47581D63-D102-492C-8674-373872AD288E}.Release|Any CPU.Build.0 = Release|Any CPU
		{6E0D8968-6ED2-4E45-8B50-4A60491265C3}.Debug|Any CPU.ActiveCfg = Debug|Any CPU
		{6E0D8968-6ED2-4E45-8B50-4A60491265C3}.Debug|Any CPU.Build.0 = Debug|Any CPU
		{6E0D8968-6ED2-4E45-8B50-4A60491265C3}.Release|Any CPU.ActiveCfg = Release|Any CPU
		{6E0D8968-6ED2-4E45-8B50-4A60491265C3}.Release|Any CPU.Build.0 = Release|Any CPU
		{AF97B410-9B70-4C77-A544-A36DB43CEBEC}.Debug|Any CPU.ActiveCfg = Debug|Any CPU
		{AF97B410-9B70-4C77-A544-A36DB43CEBEC}.Debug|Any CPU.Build.0 = Debug|Any CPU
		{AF97B410-9B70-4C77-A544-A36DB43CEBEC}.Release|Any CPU.ActiveCfg = Release|Any CPU
		{AF97B410-9B70-4C77-A544-A36DB43CEBEC}.Release|Any CPU.Build.0 = Release|Any CPU
	EndGlobalSection
	GlobalSection(SolutionProperties) = preSolution
		HideSolutionNode = FALSE
	EndGlobalSection
	GlobalSection(ExtensibilityGlobals) = postSolution
		SolutionGuid = {D229695C-F0DE-4F97-B615-2975C675907E}
	EndGlobalSection
EndGlobal
